{
  "nodes": {
    "flake-parts": {
      "inputs": {
        "nixpkgs-lib": [
          "nixpkgs"
        ]
      },
      "locked": {
        "lastModified": 1749398372,
        "narHash": "sha256-tYBdgS56eXYaWVW3fsnPQ/nFlgWi/Z2Ymhyu21zVM98=",
        "owner": "hercules-ci",
        "repo": "flake-parts",
        "rev": "9305fe4e5c2a6fcf5ba6a3ff155720fbe4076569",
        "type": "github"
      },
      "original": {
        "owner": "hercules-ci",
        "repo": "flake-parts",
        "type": "github"
      }
    },
    "nix-github-actions": {
      "inputs": {
        "nixpkgs": [
          "nixpkgs"
        ]
      },
      "locked": {
        "lastModified": 1737420293,
        "narHash": "sha256-F1G5ifvqTpJq7fdkT34e/Jy9VCyzd5XfJ9TO8fHhJWE=",
        "owner": "nix-community",
        "repo": "nix-github-actions",
        "rev": "f4158fa080ef4503c8f4c820967d946c2af31ec9",
        "type": "github"
      },
      "original": {
        "owner": "nix-community",
        "repo": "nix-github-actions",
        "type": "github"
      }
    },
    "nix-github-actions_2": {
      "inputs": {
        "nixpkgs": [
          "zephyr-nix",
          "nixpkgs"
        ]
      },
      "locked": {
        "lastModified": 1737420293,
        "narHash": "sha256-F1G5ifvqTpJq7fdkT34e/Jy9VCyzd5XfJ9TO8fHhJWE=",
        "owner": "nix-community",
        "repo": "nix-github-actions",
        "rev": "f4158fa080ef4503c8f4c820967d946c2af31ec9",
        "type": "github"
      },
      "original": {
        "owner": "nix-community",
        "repo": "nix-github-actions",
        "type": "github"
      }
    },
    "nixpkgs": {
      "locked": {
        "lastModified": 1763622513,
        "narHash": "sha256-1jQnuyu82FpiSxowrF/iFK6Toh9BYprfDqfs4BB+19M=",
        "owner": "NixOS",
        "repo": "nixpkgs",
        "rev": "c58bc7f5459328e4afac201c5c4feb7c818d604b",
        "type": "github"
      },
      "original": {
        "owner": "NixOS",
        "ref": "nixos-25.05",
        "repo": "nixpkgs",
        "type": "github"
      }
    },
    "pyproject-nix": {
      "inputs": {
        "nixpkgs": [
          "zephyr-nix",
          "nixpkgs"
        ]
      },
      "locked": {
        "lastModified": 1758265079,
        "narHash": "sha256-amLaLNwKSZPShQHzfgmc/9o76dU8xzN0743dWgvYlr8=",
        "owner": "nix-community",
        "repo": "pyproject.nix",
        "rev": "02e9418fd4af638447dca4b17b1280da95527fc9",
        "type": "github"
      },
      "original": {
        "owner": "nix-community",
        "repo": "pyproject.nix",
        "type": "github"
      }
    },
    "root": {
      "inputs": {
        "flake-parts": "flake-parts",
        "nix-github-actions": "nix-github-actions",
        "nixpkgs": "nixpkgs",
        "treefmt-nix": "treefmt-nix",
        "zephyr-nix": "zephyr-nix"
      }
    },
    "treefmt-nix": {
      "inputs": {
        "nixpkgs": [
          "nixpkgs"
        ]
      },
      "locked": {
        "lastModified": 1735827994,
        "narHash": "sha256-Y3IBRGmza5YKiHgNwEbVQkETQPir+lrJj4ErbVHktO0=",
        "owner": "numtide",
        "repo": "treefmt-nix",
        "rev": "246639a1ec081bb40941a25e9eb8481a66d71b49",
        "type": "github"
      },
      "original": {
        "owner": "numtide",
        "repo": "treefmt-nix",
        "rev": "246639a1ec081bb40941a25e9eb8481a66d71b49",
        "type": "github"
      }
    },
    "zephyr": {
      "flake": false,
      "locked": {
        "lastModified": 1763048108,
        "narHash": "sha256-NSv0utc4dqeJClldgFxezt0/qNJ1Xb0sh7zN5qa3uVk=",
        "owner": "zephyrproject-rtos",
        "repo": "zephyr",
        "rev": "3568e1b6d5cdd51a6b964a2a1d6d29200fea2056",
        "type": "github"
      },
      "original": {
        "owner": "zephyrproject-rtos",
        "ref": "v4.3.0",
        "repo": "zephyr",
        "type": "github"
      }
    },
    "zephyr-nix": {
      "inputs": {
        "nix-github-actions": "nix-github-actions_2",
        "nixpkgs": [
          "nixpkgs"
        ],
        "pyproject-nix": "pyproject-nix",
        "zephyr": "zephyr"
      },
      "locked": {
        "lastModified": 1763734085,
        "narHash": "sha256-KNaUKEvmCrA39ZRp0ZgIXdLKmK0ruR5wrhH9mJaF/bI=",
        "owner": "nix-community",
        "repo": "zephyr-nix",
        "rev": "c041f535856725919b73a29d53ea2292b2a7c308",
        "type": "github"
      },
      "original": {
        "owner": "nix-community",
        "repo": "zephyr-nix",
        "type": "github"
      }
    }
  },
  "root": "root",
  "version": 7
}
