{
  "nodes": {
    "flake-parts": {
      "inputs": {
        "nixpkgs-lib": [
          "nixpkgs"
        ]
      },
      "locked": {
        "lastModified": 1749398372,
        "narHash": "sha256-tYBdgS56eXYaWVW3fsnPQ/nFlgWi/Z2Ymhyu21zVM98=",
        "owner": "hercules-ci",
        "repo": "flake-parts",
        "rev": "9305fe4e5c2a6fcf5ba6a3ff155720fbe4076569",
        "type": "github"
      },
      "original": {
        "owner": "hercules-ci",
        "repo": "flake-parts",
        "type": "github"
      }
    },
    "nix-github-actions": {
      "inputs": {
        "nixpkgs": [
          "nixpkgs"
        ]
      },
      "locked": {
        "lastModified": 1737420293,
        "narHash": "sha256-F1G5ifvqTpJq7fdkT34e/Jy9VCyzd5XfJ9TO8fHhJWE=",
        "owner": "nix-community",
        "repo": "nix-github-actions",
        "rev": "f4158fa080ef4503c8f4c820967d946c2af31ec9",
        "type": "github"
      },
      "original": {
        "owner": "nix-community",
        "repo": "nix-github-actions",
        "type": "github"
      }
    },
    "nix-github-actions_2": {
      "inputs": {
        "nixpkgs": [
          "zephyr-nix",
          "nixpkgs"
        ]
      },
      "locked": {
        "lastModified": 1737420293,
        "narHash": "sha256-F1G5ifvqTpJq7fdkT34e/Jy9VCyzd5XfJ9TO8fHhJWE=",
        "owner": "nix-community",
        "repo": "nix-github-actions",
        "rev": "f4158fa080ef4503c8f4c820967d946c2af31ec9",
        "type": "github"
      },
      "original": {
        "owner": "nix-community",
        "repo": "nix-github-actions",
        "type": "github"
      }
    },
    "nixpkgs": {
      "locked": {
        "lastModified": 1750646418,
        "narHash": "sha256-4UAN+W0Lp4xnUiHYXUXAPX18t+bn6c4Btry2RqM9JHY=",
        "owner": "NixOS",
        "repo": "nixpkgs",
        "rev": "1f426f65ac4e6bf808923eb6f8b8c2bfba3d18c5",
        "type": "github"
      },
      "original": {
        "owner": "NixOS",
        "ref": "nixos-24.11",
        "repo": "nixpkgs",
        "type": "github"
      }
    },
    "pyproject-nix": {
      "inputs": {
        "nixpkgs": [
          "zephyr-nix",
          "nixpkgs"
        ]
      },
      "locked": {
        "lastModified": 1743438845,
        "narHash": "sha256-1GSaoubGtvsLRwoYwHjeKYq40tLwvuFFVhGrG8J9Oek=",
        "owner": "nix-community",
        "repo": "pyproject.nix",
        "rev": "8063ec98edc459571d042a640b1c5e334ecfca1e",
        "type": "github"
      },
      "original": {
        "owner": "nix-community",
        "repo": "pyproject.nix",
        "type": "github"
      }
    },
    "root": {
      "inputs": {
        "flake-parts": "flake-parts",
        "nix-github-actions": "nix-github-actions",
        "nixpkgs": "nixpkgs",
        "treefmt-nix": "treefmt-nix",
        "zephyr-nix": "zephyr-nix"
      }
    },
    "treefmt-nix": {
      "inputs": {
        "nixpkgs": [
          "nixpkgs"
        ]
      },
      "locked": {
        "lastModified": 1735827994,
        "narHash": "sha256-Y3IBRGmza5YKiHgNwEbVQkETQPir+lrJj4ErbVHktO0=",
        "owner": "numtide",
        "repo": "treefmt-nix",
        "rev": "246639a1ec081bb40941a25e9eb8481a66d71b49",
        "type": "github"
      },
      "original": {
        "owner": "numtide",
        "repo": "treefmt-nix",
        "rev": "246639a1ec081bb40941a25e9eb8481a66d71b49",
        "type": "github"
      }
    },
    "zephyr": {
      "flake": false,
      "locked": {
        "lastModified": 1721992675,
        "narHash": "sha256-rmOHH0uRU27U2T4w4+FEMcAcuiZ7W7p4vOwtSwiAFNY=",
        "owner": "zephyrproject-rtos",
        "repo": "zephyr",
        "rev": "36940db938a8f4a1e919496793ed439850a221c2",
        "type": "github"
      },
      "original": {
        "owner": "zephyrproject-rtos",
        "ref": "v3.7.0",
        "repo": "zephyr",
        "type": "github"
      }
    },
    "zephyr-nix": {
      "inputs": {
        "nix-github-actions": "nix-github-actions_2",
        "nixpkgs": [
          "nixpkgs"
        ],
        "pyproject-nix": "pyproject-nix",
        "zephyr": "zephyr"
      },
      "locked": {
        "lastModified": 1743625659,
        "narHash": "sha256-sdM/skladcDTed+Xyp0/YneaDpwVpeA6hBLWR1Uc/6Y=",
        "owner": "adisbladis",
        "repo": "zephyr-nix",
        "rev": "5ba6564b7f2db1508bcf87f0f869b8e4f8be96c1",
        "type": "github"
      },
      "original": {
        "owner": "adisbladis",
        "repo": "zephyr-nix",
        "type": "github"
      }
    }
  },
  "root": "root",
  "version": 7
}
